Microsoft Visual Studio Solution File, Format Version 12.00
# Visual Studio 2012
Project("{FAE04EC0-301F-11D3-BF4B-00C04F79EFBC}") = "O00_OritentationTest", "O00_OritentationTest.csproj", "{F54DF112-048C-4D7A-B981-75B8E199CBCE}"
EndProject
Global
	GlobalSection(SolutionConfigurationPlatforms) = preSolution
	Debug|Any CPU = Debug|Any CPU
	ExportDebug|Any CPU = ExportDebug|Any CPU
	ExportRelease|Any CPU = ExportRelease|Any CPU
	EndGlobalSection
	GlobalSection(ProjectConfigurationPlatforms) = postSolution
		{F54DF112-048C-4D7A-B981-75B8E199CBCE}.Debug|Any CPU.ActiveCfg = Debug|Any CPU
		{F54DF112-048C-4D7A-B981-75B8E199CBCE}.Debug|Any CPU.Build.0 = Debug|Any CPU
		{F54DF112-048C-4D7A-B981-75B8E199CBCE}.ExportDebug|Any CPU.ActiveCfg = ExportDebug|Any CPU
		{F54DF112-048C-4D7A-B981-75B8E199CBCE}.ExportDebug|Any CPU.Build.0 = ExportDebug|Any CPU
		{F54DF112-048C-4D7A-B981-75B8E199CBCE}.ExportRelease|Any CPU.ActiveCfg = ExportRelease|Any CPU
		{F54DF112-048C-4D7A-B981-75B8E199CBCE}.ExportRelease|Any CPU.Build.0 = ExportRelease|Any CPU
	EndGlobalSection
EndGlobal
